
Microsoft Visual Studio Solution File, Format Version 12.00
# Visual Studio 14
VisualStudioVersion = 14.0.25420.1
MinimumVisualStudioVersion = 10.0.40219.1
Project("{FAE04EC0-301F-11D3-BF4B-00C04F79EFBC}") = "NeKadarKaldi", "NeKadarKaldi.csproj", "{B7055C56-B8AB-404E-AB28-624D1ECF3376}"
EndProject
Global
	GlobalSection(SolutionConfigurationPlatforms) = preSolution
		Debug|Any CPU = Debug|Any CPU
		Release|Any CPU = Release|Any CPU
	EndGlobalSection
	GlobalSection(ProjectConfigurationPlatforms) = postSolution
		{B7055C56-B8AB-404E-AB28-624D1ECF3376}.Debug|Any CPU.ActiveCfg = Debug|Any CPU
		{B7055C56-B8AB-404E-AB28-624D1ECF3376}.Debug|Any CPU.Build.0 = Debug|Any CPU
		{B7055C56-B8AB-404E-AB28-624D1ECF3376}.Release|Any CPU.ActiveCfg = Release|Any CPU
		{B7055C56-B8AB-404E-AB28-624D1ECF3376}.Release|Any CPU.Build.0 = Release|Any CPU
	EndGlobalSection
	GlobalSection(SolutionProperties) = preSolution
		HideSolutionNode = FALSE
	EndGlobalSection
EndGlobal
