
Microsoft Visual Studio Solution File, Format Version 12.00
# Visual Studio 14
VisualStudioVersion = 14.0.25420.1
MinimumVisualStudioVersion = 10.0.40219.1
Project("{FAE04EC0-301F-11D3-BF4B-00C04F79EFBC}") = "SansTopu", "SansTopu.csproj", "{47A8CE81-7F74-4693-A501-4C0B1020CA70}"
EndProject
Global
	GlobalSection(SolutionConfigurationPlatforms) = preSolution
		Debug|Any CPU = Debug|Any CPU
		Release|Any CPU = Release|Any CPU
	EndGlobalSection
	GlobalSection(ProjectConfigurationPlatforms) = postSolution
		{47A8CE81-7F74-4693-A501-4C0B1020CA70}.Debug|Any CPU.ActiveCfg = Debug|Any CPU
		{47A8CE81-7F74-4693-A501-4C0B1020CA70}.Debug|Any CPU.Build.0 = Debug|Any CPU
		{47A8CE81-7F74-4693-A501-4C0B1020CA70}.Release|Any CPU.ActiveCfg = Release|Any CPU
		{47A8CE81-7F74-4693-A501-4C0B1020CA70}.Release|Any CPU.Build.0 = Release|Any CPU
	EndGlobalSection
	GlobalSection(SolutionProperties) = preSolution
		HideSolutionNode = FALSE
	EndGlobalSection
EndGlobal
