
Microsoft Visual Studio Solution File, Format Version 12.00
# Visual Studio 14
VisualStudioVersion = 14.0.25420.1
MinimumVisualStudioVersion = 10.0.40219.1
Project("{FAE04EC0-301F-11D3-BF4B-00C04F79EFBC}") = "KafeSiprais", "KafeSiprais.csproj", "{59134403-441D-4940-A63E-694E9D1521B3}"
EndProject
Global
	GlobalSection(SolutionConfigurationPlatforms) = preSolution
		Debug|Any CPU = Debug|Any CPU
		Release|Any CPU = Release|Any CPU
	EndGlobalSection
	GlobalSection(ProjectConfigurationPlatforms) = postSolution
		{59134403-441D-4940-A63E-694E9D1521B3}.Debug|Any CPU.ActiveCfg = Debug|Any CPU
		{59134403-441D-4940-A63E-694E9D1521B3}.Debug|Any CPU.Build.0 = Debug|Any CPU
		{59134403-441D-4940-A63E-694E9D1521B3}.Release|Any CPU.ActiveCfg = Release|Any CPU
		{59134403-441D-4940-A63E-694E9D1521B3}.Release|Any CPU.Build.0 = Release|Any CPU
	EndGlobalSection
	GlobalSection(SolutionProperties) = preSolution
		HideSolutionNode = FALSE
	EndGlobalSection
EndGlobal
